
Microsoft Visual Studio Solution File, Format Version 12.00
# Visual Studio Version 17
VisualStudioVersion = 17.7.34009.444
MinimumVisualStudioVersion = 10.0.40219.1
Project("{FAE04EC0-301F-11D3-BF4B-00C04F79EFBC}") = "Palindrom", "Palindrom\Palindrom.csproj", "{C92BFE7B-274D-4D12-9C49-255394DDF005}"
EndProject
Global
	GlobalSection(SolutionConfigurationPlatforms) = preSolution
		Debug|Any CPU = Debug|Any CPU
		Release|Any CPU = Release|Any CPU
	EndGlobalSection
	GlobalSection(ProjectConfigurationPlatforms) = postSolution
		{C92BFE7B-274D-4D12-9C49-255394DDF005}.Debug|Any CPU.ActiveCfg = Debug|Any CPU
		{C92BFE7B-274D-4D12-9C49-255394DDF005}.Debug|Any CPU.Build.0 = Debug|Any CPU
		{C92BFE7B-274D-4D12-9C49-255394DDF005}.Release|Any CPU.ActiveCfg = Release|Any CPU
		{C92BFE7B-274D-4D12-9C49-255394DDF005}.Release|Any CPU.Build.0 = Release|Any CPU
	EndGlobalSection
	GlobalSection(SolutionProperties) = preSolution
		HideSolutionNode = FALSE
	EndGlobalSection
	GlobalSection(ExtensibilityGlobals) = postSolution
		SolutionGuid = {1B8D1CEA-9081-4841-ADC2-8D9468A401B8}
	EndGlobalSection
EndGlobal
